
Microsoft Visual Studio Solution File, Format Version 12.00
# Visual Studio 2013
VisualStudioVersion = 12.0.21005.1
MinimumVisualStudioVersion = 10.0.40219.1
Project("{FAE04EC0-301F-11D3-BF4B-00C04F79EFBC}") = "Spider", "Spider\Spider.csproj", "{8BAD4C5A-E69F-4670-9EF4-7EE88CB773B1}"
EndProject
Project("{FAE04EC0-301F-11D3-BF4B-00C04F79EFBC}") = "SpiderAsync", "SpiderAsync\SpiderAsync.csproj", "{C3706E0B-B95D-4110-92B7-CF6CDB7BF586}"
EndProject
Project("{FAE04EC0-301F-11D3-BF4B-00C04F79EFBC}") = "Spider2", "Spider2\Spider2.csproj", "{C352098F-D5F9-4E1F-BF29-CA6DF8D739AD}"
EndProject
Project("{2150E333-8FDC-42A3-9474-1A3956D46DE8}") = "Solution Items", "Solution Items", "{57DFAB1E-9DB2-4BF3-8A6F-952B6272925F}"
EndProject
Project("{FAE04EC0-301F-11D3-BF4B-00C04F79EFBC}") = "Spider2Async", "Spider2Async\Spider2Async.csproj", "{28AFBDD0-D488-4561-B4E3-813B8BDB8532}"
EndProject
Global
	GlobalSection(SolutionConfigurationPlatforms) = preSolution
		Debug|Any CPU = Debug|Any CPU
		Release|Any CPU = Release|Any CPU
	EndGlobalSection
	GlobalSection(ProjectConfigurationPlatforms) = postSolution
		{8BAD4C5A-E69F-4670-9EF4-7EE88CB773B1}.Debug|Any CPU.ActiveCfg = Debug|Any CPU
		{8BAD4C5A-E69F-4670-9EF4-7EE88CB773B1}.Debug|Any CPU.Build.0 = Debug|Any CPU
		{8BAD4C5A-E69F-4670-9EF4-7EE88CB773B1}.Release|Any CPU.ActiveCfg = Release|Any CPU
		{8BAD4C5A-E69F-4670-9EF4-7EE88CB773B1}.Release|Any CPU.Build.0 = Release|Any CPU
		{C3706E0B-B95D-4110-92B7-CF6CDB7BF586}.Debug|Any CPU.ActiveCfg = Debug|Any CPU
		{C3706E0B-B95D-4110-92B7-CF6CDB7BF586}.Debug|Any CPU.Build.0 = Debug|Any CPU
		{C3706E0B-B95D-4110-92B7-CF6CDB7BF586}.Release|Any CPU.ActiveCfg = Release|Any CPU
		{C3706E0B-B95D-4110-92B7-CF6CDB7BF586}.Release|Any CPU.Build.0 = Release|Any CPU
		{C352098F-D5F9-4E1F-BF29-CA6DF8D739AD}.Debug|Any CPU.ActiveCfg = Debug|Any CPU
		{C352098F-D5F9-4E1F-BF29-CA6DF8D739AD}.Debug|Any CPU.Build.0 = Debug|Any CPU
		{C352098F-D5F9-4E1F-BF29-CA6DF8D739AD}.Release|Any CPU.ActiveCfg = Release|Any CPU
		{C352098F-D5F9-4E1F-BF29-CA6DF8D739AD}.Release|Any CPU.Build.0 = Release|Any CPU
		{28AFBDD0-D488-4561-B4E3-813B8BDB8532}.Debug|Any CPU.ActiveCfg = Debug|Any CPU
		{28AFBDD0-D488-4561-B4E3-813B8BDB8532}.Debug|Any CPU.Build.0 = Debug|Any CPU
		{28AFBDD0-D488-4561-B4E3-813B8BDB8532}.Release|Any CPU.ActiveCfg = Release|Any CPU
		{28AFBDD0-D488-4561-B4E3-813B8BDB8532}.Release|Any CPU.Build.0 = Release|Any CPU
	EndGlobalSection
	GlobalSection(SolutionProperties) = preSolution
		HideSolutionNode = FALSE
	EndGlobalSection
	GlobalSection(Performance) = preSolution
		HasPerformanceSessions = true
	EndGlobalSection
EndGlobal
